// !$*UTF8*$!
{
	archiveVersion = 1;
	classes = {
	};
	objectVersion = 55;
	objects = {

/* Begin PBXBuildFile section */
		1B222E8227BAF3DF0010C253 /* WorldeApp.swift in Sources */ = {isa = PBXBuildFile; fileRef = 1B222E8127BAF3DF0010C253 /* WorldeApp.swift */; };
		1B222E8427BAF3DF0010C253 /* ContentView.swift in Sources */ = {isa = PBXBuildFile; fileRef = 1B222E8327BAF3DF0010C253 /* ContentView.swift */; };
		1B222E8627BAF3E10010C253 /* Assets.xcassets in Resources */ = {isa = PBXBuildFile; fileRef = 1B222E8527BAF3E10010C253 /* Assets.xcassets */; };
		1B222E8927BAF3E10010C253 /* Preview Assets.xcassets in Resources */ = {isa = PBXBuildFile; fileRef = 1B222E8827BAF3E10010C253 /* Preview Assets.xcassets */; };
		1B222E9127BAF4450010C253 /* Model.swift in Sources */ = {isa = PBXBuildFile; fileRef = 1B222E9027BAF4450010C253 /* Model.swift */; };
		1B222E9527BAF8DB0010C253 /* KeyboardView.swift in Sources */ = {isa = PBXBuildFile; fileRef = 1B222E9427BAF8DB0010C253 /* KeyboardView.swift */; };
		1B222E9727BAFECF0010C253 /* GameView.swift in Sources */ = {isa = PBXBuildFile; fileRef = 1B222E9627BAFECF0010C253 /* GameView.swift */; };
		1B222E9C27BC16DA0010C253 /* ViewModel.swift in Sources */ = {isa = PBXBuildFile; fileRef = 1B222E9B27BC16DA0010C253 /* ViewModel.swift */; };
		1B222E9E27BD44E40010C253 /* BannerView.swift in Sources */ = {isa = PBXBuildFile; fileRef = 1B222E9D27BD44E40010C253 /* BannerView.swift */; };
/* End PBXBuildFile section */

/* Begin PBXFileReference section */
		1B222E7E27BAF3DF0010C253 /* Worlde.app */ = {isa = PBXFileReference; explicitFileType = wrapper.application; includeInIndex = 0; path = Worlde.app; sourceTree = BUILT_PRODUCTS_DIR; };
		1B222E8127BAF3DF0010C253 /* WorldeApp.swift */ = {isa = PBXFileReference; lastKnownFileType = sourcecode.swift; path = WorldeApp.swift; sourceTree = "<group>"; };
		1B222E8327BAF3DF0010C253 /* ContentView.swift */ = {isa = PBXFileReference; lastKnownFileType = sourcecode.swift; path = ContentView.swift; sourceTree = "<group>"; };
		1B222E8527BAF3E10010C253 /* Assets.xcassets */ = {isa = PBXFileReference; lastKnownFileType = folder.assetcatalog; path = Assets.xcassets; sourceTree = "<group>"; };
		1B222E8827BAF3E10010C253 /* Preview Assets.xcassets */ = {isa = PBXFileReference; lastKnownFileType = folder.assetcatalog; path = "Preview Assets.xcassets"; sourceTree = "<group>"; };
		1B222E9027BAF4450010C253 /* Model.swift */ = {isa = PBXFileReference; lastKnownFileType = sourcecode.swift; path = Model.swift; sourceTree = "<group>"; };
		1B222E9427BAF8DB0010C253 /* KeyboardView.swift */ = {isa = PBXFileReference; lastKnownFileType = sourcecode.swift; path = KeyboardView.swift; sourceTree = "<group>"; };
		1B222E9627BAFECF0010C253 /* GameView.swift */ = {isa = PBXFileReference; lastKnownFileType = sourcecode.swift; path = GameView.swift; sourceTree = "<group>"; };
		1B222E9B27BC16DA0010C253 /* ViewModel.swift */ = {isa = PBXFileReference; lastKnownFileType = sourcecode.swift; path = ViewModel.swift; sourceTree = "<group>"; };
		1B222E9D27BD44E40010C253 /* BannerView.swift */ = {isa = PBXFileReference; lastKnownFileType = sourcecode.swift; path = BannerView.swift; sourceTree = "<group>"; };
/* End PBXFileReference section */

/* Begin PBXFrameworksBuildPhase section */
		1B222E7B27BAF3DF0010C253 /* Frameworks */ = {
			isa = PBXFrameworksBuildPhase;
			buildActionMask = 2147483647;
			files = (
			);
			runOnlyForDeploymentPostprocessing = 0;
		};
/* End PBXFrameworksBuildPhase section */

/* Begin PBXGroup section */
		1B222E7527BAF3DF0010C253 = {
			isa = PBXGroup;
			children = (
				1B222E8027BAF3DF0010C253 /* Worlde */,
				1B222E7F27BAF3DF0010C253 /* Products */,
			);
			sourceTree = "<group>";
		};
		1B222E7F27BAF3DF0010C253 /* Products */ = {
			isa = PBXGroup;
			children = (
				1B222E7E27BAF3DF0010C253 /* Worlde.app */,
			);
			name = Products;
			sourceTree = "<group>";
		};
		1B222E8027BAF3DF0010C253 /* Worlde */ = {
			isa = PBXGroup;
			children = (
				1B222E9827BB09270010C253 /* ViewModel */,
				1B222E9327BAF8C00010C253 /* View */,
				1B222E8F27BAF42F0010C253 /* Model */,
				1B222E8127BAF3DF0010C253 /* WorldeApp.swift */,
				1B222E8527BAF3E10010C253 /* Assets.xcassets */,
				1B222E8727BAF3E10010C253 /* Preview Content */,
			);
			path = Worlde;
			sourceTree = "<group>";
		};
		1B222E8727BAF3E10010C253 /* Preview Content */ = {
			isa = PBXGroup;
			children = (
				1B222E8827BAF3E10010C253 /* Preview Assets.xcassets */,
			);
			path = "Preview Content";
			sourceTree = "<group>";
		};
		1B222E8F27BAF42F0010C253 /* Model */ = {
			isa = PBXGroup;
			children = (
				1B222E9027BAF4450010C253 /* Model.swift */,
			);
			path = Model;
			sourceTree = "<group>";
		};
		1B222E9327BAF8C00010C253 /* View */ = {
			isa = PBXGroup;
			children = (
				1B222E8327BAF3DF0010C253 /* ContentView.swift */,
				1B222E9427BAF8DB0010C253 /* KeyboardView.swift */,
				1B222E9627BAFECF0010C253 /* GameView.swift */,
				1B222E9D27BD44E40010C253 /* BannerView.swift */,
			);
			path = View;
			sourceTree = "<group>";
		};
		1B222E9827BB09270010C253 /* ViewModel */ = {
			isa = PBXGroup;
			children = (
				1B222E9B27BC16DA0010C253 /* ViewModel.swift */,
			);
			path = ViewModel;
			sourceTree = "<group>";
		};
/* End PBXGroup section */

/* Begin PBXNativeTarget section */
		1B222E7D27BAF3DF0010C253 /* Worlde */ = {
			isa = PBXNativeTarget;
			buildConfigurationList = 1B222E8C27BAF3E10010C253 /* Build configuration list for PBXNativeTarget "Worlde" */;
			buildPhases = (
				1B222E7A27BAF3DF0010C253 /* Sources */,
				1B222E7B27BAF3DF0010C253 /* Frameworks */,
				1B222E7C27BAF3DF0010C253 /* Resources */,
			);
			buildRules = (
			);
			dependencies = (
			);
			name = Worlde;
			productName = Worlde;
			productReference = 1B222E7E27BAF3DF0010C253 /* Worlde.app */;
			productType = "com.apple.product-type.application";
		};
/* End PBXNativeTarget section */

/* Begin PBXProject section */
		1B222E7627BAF3DF0010C253 /* Project object */ = {
			isa = PBXProject;
			attributes = {
				BuildIndependentTargetsInParallel = 1;
				LastSwiftUpdateCheck = 1320;
				LastUpgradeCheck = 1320;
				TargetAttributes = {
					1B222E7D27BAF3DF0010C253 = {
						CreatedOnToolsVersion = 13.2.1;
					};
				};
			};
			buildConfigurationList = 1B222E7927BAF3DF0010C253 /* Build configuration list for PBXProject "Worlde" */;
			compatibilityVersion = "Xcode 13.0";
			developmentRegion = en;
			hasScannedForEncodings = 0;
			knownRegions = (
				en,
				Base,
			);
			mainGroup = 1B222E7527BAF3DF0010C253;
			productRefGroup = 1B222E7F27BAF3DF0010C253 /* Products */;
			projectDirPath = "";
			projectRoot = "";
			targets = (
				1B222E7D27BAF3DF0010C253 /* Worlde */,
			);
		};
/* End PBXProject section */

/* Begin PBXResourcesBuildPhase section */
		1B222E7C27BAF3DF0010C253 /* Resources */ = {
			isa = PBXResourcesBuildPhase;
			buildActionMask = 2147483647;
			files = (
				1B222E8927BAF3E10010C253 /* Preview Assets.xcassets in Resources */,
				1B222E8627BAF3E10010C253 /* Assets.xcassets in Resources */,
			);
			runOnlyForDeploymentPostprocessing = 0;
		};
/* End PBXResourcesBuildPhase section */

/* Begin PBXSourcesBuildPhase section */
		1B222E7A27BAF3DF0010C253 /* Sources */ = {
			isa = PBXSourcesBuildPhase;
			buildActionMask = 2147483647;
			files = (
				1B222E9E27BD44E40010C253 /* BannerView.swift in Sources */,
				1B222E9127BAF4450010C253 /* Model.swift in Sources */,
				1B222E9527BAF8DB0010C253 /* KeyboardView.swift in Sources */,
				1B222E8427BAF3DF0010C253 /* ContentView.swift in Sources */,
				1B222E8227BAF3DF0010C253 /* WorldeApp.swift in Sources */,
				1B222E9C27BC16DA0010C253 /* ViewModel.swift in Sources */,
				1B222E9727BAFECF0010C253 /* GameView.swift in Sources */,
			);
			runOnlyForDeploymentPostprocessing = 0;
		};
/* End PBXSourcesBuildPhase section */

/* Begin XCBuildConfiguration section */
		1B222E8A27BAF3E10010C253 /* Debug */ = {
			isa = XCBuildConfiguration;
			buildSettings = {
				ALWAYS_SEARCH_USER_PATHS = NO;
				CLANG_ANALYZER_NONNULL = YES;
				CLANG_ANALYZER_NUMBER_OBJECT_CONVERSION = YES_AGGRESSIVE;
				CLANG_CXX_LANGUAGE_STANDARD = "gnu++17";
				CLANG_CXX_LIBRARY = "libc++";
				CLANG_ENABLE_MODULES = YES;
				CLANG_ENABLE_OBJC_ARC = YES;
				CLANG_ENABLE_OBJC_WEAK = YES;
				CLANG_WARN_BLOCK_CAPTURE_AUTORELEASING = YES;
				CLANG_WARN_BOOL_CONVERSION = YES;
				CLANG_WARN_COMMA = YES;
				CLANG_WARN_CONSTANT_CONVERSION = YES;
				CLANG_WARN_DEPRECATED_OBJC_IMPLEMENTATIONS = YES;
				CLANG_WARN_DIRECT_OBJC_ISA_USAGE = YES_ERROR;
				CLANG_WARN_DOCUMENTATION_COMMENTS = YES;
				CLANG_WARN_EMPTY_BODY = YES;
				CLANG_WARN_ENUM_CONVERSION = YES;
				CLANG_WARN_INFINITE_RECURSION = YES;
				CLANG_WARN_INT_CONVERSION = YES;
				CLANG_WARN_NON_LITERAL_NULL_CONVERSION = YES;
				CLANG_WARN_OBJC_IMPLICIT_RETAIN_SELF = YES;
				CLANG_WARN_OBJC_LITERAL_CONVERSION = YES;
				CLANG_WARN_OBJC_ROOT_CLASS = YES_ERROR;
				CLANG_WARN_QUOTED_INCLUDE_IN_FRAMEWORK_HEADER = YES;
				CLANG_WARN_RANGE_LOOP_ANALYSIS = YES;
				CLANG_WARN_STRICT_PROTOTYPES = YES;
				CLANG_WARN_SUSPICIOUS_MOVE = YES;
				CLANG_WARN_UNGUARDED_AVAILABILITY = YES_AGGRESSIVE;
				CLANG_WARN_UNREACHABLE_CODE = YES;
				CLANG_WARN__DUPLICATE_METHOD_MATCH = YES;
				COPY_PHASE_STRIP = NO;
				DEBUG_INFORMATION_FORMAT = dwarf;
				ENABLE_STRICT_OBJC_MSGSEND = YES;
				ENABLE_TESTABILITY = YES;
				GCC_C_LANGUAGE_STANDARD = gnu11;
				GCC_DYNAMIC_NO_PIC = NO;
				GCC_NO_COMMON_BLOCKS = YES;
				GCC_OPTIMIZATION_LEVEL = 0;
				GCC_PREPROCESSOR_DEFINITIONS = (
					"DEBUG=1",
					"$(inherited)",
				);
				GCC_WARN_64_TO_32_BIT_CONVERSION = YES;
				GCC_WARN_ABOUT_RETURN_TYPE = YES_ERROR;
				GCC_WARN_UNDECLARED_SELECTOR = YES;
				GCC_WARN_UNINITIALIZED_AUTOS = YES_AGGRESSIVE;
				GCC_WARN_UNUSED_FUNCTION = YES;
				GCC_WARN_UNUSED_VARIABLE = YES;
				IPHONEOS_DEPLOYMENT_TARGET = 15.2;
				MTL_ENABLE_DEBUG_INFO = INCLUDE_SOURCE;
				MTL_FAST_MATH = YES;
				ONLY_ACTIVE_ARCH = YES;
				SDKROOT = iphoneos;
				SWIFT_ACTIVE_COMPILATION_CONDITIONS = DEBUG;
				SWIFT_OPTIMIZATION_LEVEL = "-Onone";
			};
			name = Debug;
		};
		1B222E8B27BAF3E10010C253 /* Release */ = {
			isa = XCBuildConfiguration;
			buildSettings = {
				ALWAYS_SEARCH_USER_PATHS = NO;
				CLANG_ANALYZER_NONNULL = YES;
				CLANG_ANALYZER_NUMBER_OBJECT_CONVERSION = YES_AGGRESSIVE;
				CLANG_CXX_LANGUAGE_STANDARD = "gnu++17";
				CLANG_CXX_LIBRARY = "libc++";
				CLANG_ENABLE_MODULES = YES;
				CLANG_ENABLE_OBJC_ARC = YES;
				CLANG_ENABLE_OBJC_WEAK = YES;
				CLANG_WARN_BLOCK_CAPTURE_AUTORELEASING = YES;
				CLANG_WARN_BOOL_CONVERSION = YES;
				CLANG_WARN_COMMA = YES;
				CLANG_WARN_CONSTANT_CONVERSION = YES;
				CLANG_WARN_DEPRECATED_OBJC_IMPLEMENTATIONS = YES;
				CLANG_WARN_DIRECT_OBJC_ISA_USAGE = YES_ERROR;
				CLANG_WARN_DOCUMENTATION_COMMENTS = YES;
				CLANG_WARN_EMPTY_BODY = YES;
				CLANG_WARN_ENUM_CONVERSION = YES;
				CLANG_WARN_INFINITE_RECURSION = YES;
				CLANG_WARN_INT_CONVERSION = YES;
				CLANG_WARN_NON_LITERAL_NULL_CONVERSION = YES;
				CLANG_WARN_OBJC_IMPLICIT_RETAIN_SELF = YES;
				CLANG_WARN_OBJC_LITERAL_CONVERSION = YES;
				CLANG_WARN_OBJC_ROOT_CLASS = YES_ERROR;
				CLANG_WARN_QUOTED_INCLUDE_IN_FRAMEWORK_HEADER = YES;
				CLANG_WARN_RANGE_LOOP_ANALYSIS = YES;
				CLANG_WARN_STRICT_PROTOTYPES = YES;
				CLANG_WARN_SUSPICIOUS_MOVE = YES;
				CLANG_WARN_UNGUARDED_AVAILABILITY = YES_AGGRESSIVE;
				CLANG_WARN_UNREACHABLE_CODE = YES;
				CLANG_WARN__DUPLICATE_METHOD_MATCH = YES;
				COPY_PHASE_STRIP = NO;
				DEBUG_INFORMATION_FORMAT = "dwarf-with-dsym";
				ENABLE_NS_ASSERTIONS = NO;
				ENABLE_STRICT_OBJC_MSGSEND = YES;
				GCC_C_LANGUAGE_STANDARD = gnu11;
				GCC_NO_COMMON_BLOCKS = YES;
				GCC_WARN_64_TO_32_BIT_CONVERSION = YES;
				GCC_WARN_ABOUT_RETURN_TYPE = YES_ERROR;
				GCC_WARN_UNDECLARED_SELECTOR = YES;
				GCC_WARN_UNINITIALIZED_AUTOS = YES_AGGRESSIVE;
				GCC_WARN_UNUSED_FUNCTION = YES;
				GCC_WARN_UNUSED_VARIABLE = YES;
				IPHONEOS_DEPLOYMENT_TARGET = 15.2;
				MTL_ENABLE_DEBUG_INFO = NO;
				MTL_FAST_MATH = YES;
				SDKROOT = iphoneos;
				SWIFT_COMPILATION_MODE = wholemodule;
				SWIFT_OPTIMIZATION_LEVEL = "-O";
				VALIDATE_PRODUCT = YES;
			};
			name = Release;
		};
		1B222E8D27BAF3E10010C253 /* Debug */ = {
			isa = XCBuildConfiguration;
			buildSettings = {
				ASSETCATALOG_COMPILER_APPICON_NAME = AppIcon;
				ASSETCATALOG_COMPILER_GLOBAL_ACCENT_COLOR_NAME = AccentColor;
				CODE_SIGN_STYLE = Automatic;
				CURRENT_PROJECT_VERSION = 1;
				DEVELOPMENT_ASSET_PATHS = "\"Worlde/Preview Content\"";
				DEVELOPMENT_TEAM = ASR8D44L2N;
				ENABLE_PREVIEWS = YES;
				GENERATE_INFOPLIST_FILE = YES;
				INFOPLIST_KEY_UIApplicationSceneManifest_Generation = YES;
				INFOPLIST_KEY_UIApplicationSupportsIndirectInputEvents = YES;
				INFOPLIST_KEY_UILaunchScreen_Generation = YES;
				INFOPLIST_KEY_UISupportedInterfaceOrientations_iPad = "UIInterfaceOrientationPortrait UIInterfaceOrientationPortraitUpsideDown UIInterfaceOrientationLandscapeLeft UIInterfaceOrientationLandscapeRight";
				INFOPLIST_KEY_UISupportedInterfaceOrientations_iPhone = "UIInterfaceOrientationPortrait UIInterfaceOrientationLandscapeLeft UIInterfaceOrientationLandscapeRight";
				LD_RUNPATH_SEARCH_PATHS = (
					"$(inherited)",
					"@executable_path/Frameworks",
				);
				MARKETING_VERSION = 1.0;
				PRODUCT_BUNDLE_IDENTIFIER = alexis.Worlde;
				PRODUCT_NAME = "$(TARGET_NAME)";
				SWIFT_EMIT_LOC_STRINGS = YES;
				SWIFT_VERSION = 5.0;
				TARGETED_DEVICE_FAMILY = "1,2";
			};
			name = Debug;
		};
		1B222E8E27BAF3E10010C253 /* Release */ = {
			isa = XCBuildConfiguration;
			buildSettings = {
				ASSETCATALOG_COMPILER_APPICON_NAME = AppIcon;
				ASSETCATALOG_COMPILER_GLOBAL_ACCENT_COLOR_NAME = AccentColor;
				CODE_SIGN_STYLE = Automatic;
				CURRENT_PROJECT_VERSION = 1;
				DEVELOPMENT_ASSET_PATHS = "\"Worlde/Preview Content\"";
				DEVELOPMENT_TEAM = ASR8D44L2N;
				ENABLE_PREVIEWS = YES;
				GENERATE_INFOPLIST_FILE = YES;
				INFOPLIST_KEY_UIApplicationSceneManifest_Generation = YES;
				INFOPLIST_KEY_UIApplicationSupportsIndirectInputEvents = YES;
				INFOPLIST_KEY_UILaunchScreen_Generation = YES;
				INFOPLIST_KEY_UISupportedInterfaceOrientations_iPad = "UIInterfaceOrientationPortrait UIInterfaceOrientationPortraitUpsideDown UIInterfaceOrientationLandscapeLeft UIInterfaceOrientationLandscapeRight";
				INFOPLIST_KEY_UISupportedInterfaceOrientations_iPhone = "UIInterfaceOrientationPortrait UIInterfaceOrientationLandscapeLeft UIInterfaceOrientationLandscapeRight";
				LD_RUNPATH_SEARCH_PATHS = (
					"$(inherited)",
					"@executable_path/Frameworks",
				);
				MARKETING_VERSION = 1.0;
				PRODUCT_BUNDLE_IDENTIFIER = alexis.Worlde;
				PRODUCT_NAME = "$(TARGET_NAME)";
				SWIFT_EMIT_LOC_STRINGS = YES;
				SWIFT_VERSION = 5.0;
				TARGETED_DEVICE_FAMILY = "1,2";
			};
			name = Release;
		};
/* End XCBuildConfiguration section */

/* Begin XCConfigurationList section */
		1B222E7927BAF3DF0010C253 /* Build configuration list for PBXProject "Worlde" */ = {
			isa = XCConfigurationList;
			buildConfigurations = (
				1B222E8A27BAF3E10010C253 /* Debug */,
				1B222E8B27BAF3E10010C253 /* Release */,
			);
			defaultConfigurationIsVisible = 0;
			defaultConfigurationName = Release;
		};
		1B222E8C27BAF3E10010C253 /* Build configuration list for PBXNativeTarget "Worlde" */ = {
			isa = XCConfigurationList;
			buildConfigurations = (
				1B222E8D27BAF3E10010C253 /* Debug */,
				1B222E8E27BAF3E10010C253 /* Release */,
			);
			defaultConfigurationIsVisible = 0;
			defaultConfigurationName = Release;
		};
/* End XCConfigurationList section */
	};
	rootObject = 1B222E7627BAF3DF0010C253 /* Project object */;
}
